<?xml version="1.0" encoding="utf-8"?>
<Project ToolsVersion="4.0" xmlns="http://schemas.microsoft.com/developer/msbuild/2003">
  <ItemGroup>
    <Filter Include="源文件">
      <UniqueIdentifier>{4FC737F1-C7A5-4376-A066-2A32D752A2FF}</UniqueIdentifier>
      <Extensions>cpp;c;cc;cxx;c++;cppm;ixx;def;odl;idl;hpj;bat;asm;asmx</Extensions>
    </Filter>
    <Filter Include="头文件">
      <UniqueIdentifier>{93995380-89BD-4b04-88EB-625FBE52EBFB}</UniqueIdentifier>
      <Extensions>h;hh;hpp;hxx;h++;hm;inl;inc;ipp;xsd</Extensions>
    </Filter>
    <Filter Include="资源文件">
      <UniqueIdentifier>{67DA6AB6-F800-4c08-8B7A-83BB121AAD01}</UniqueIdentifier>
      <Extensions>rc;ico;cur;bmp;dlg;rc2;rct;bin;rgs;gif;jpg;jpeg;jpe;resx;tiff;tif;png;wav;mfcribbon-ms</Extensions>
    </Filter>
    <Filter Include="头文件\UI">
      <UniqueIdentifier>{618ba8ea-a8c9-4b57-9c41-0fe69b48c319}</UniqueIdentifier>
    </Filter>
    <Filter Include="源文件\UI">
      <UniqueIdentifier>{b2c55e07-cf9b-4d8c-adcf-77f2cc60e7e3}</UniqueIdentifier>
    </Filter>
    <Filter Include="头文件\pojo">
      <UniqueIdentifier>{691516f8-27c3-459e-b2f8-a02a80c7ea91}</UniqueIdentifier>
    </Filter>
    <Filter Include="源文件\Dlg">
      <UniqueIdentifier>{9b902689-2b88-4da1-83f0-489ad1d0c434}</UniqueIdentifier>
    </Filter>
    <Filter Include="头文件\Dlg">
      <UniqueIdentifier>{3ca9a59d-8ce6-4e43-bcf9-a844f5df394e}</UniqueIdentifier>
    </Filter>
  </ItemGroup>
  <ItemGroup>
    <ClInclude Include="ChessAI.h">
      <Filter>头文件</Filter>
    </ClInclude>
    <ClInclude Include="framework.h">
      <Filter>头文件</Filter>
    </ClInclude>
    <ClInclude Include="targetver.h">
      <Filter>头文件</Filter>
    </ClInclude>
    <ClInclude Include="Resource.h">
      <Filter>头文件</Filter>
    </ClInclude>
    <ClInclude Include="pch.h">
      <Filter>头文件</Filter>
    </ClInclude>
    <ClInclude Include="Utils.h">
      <Filter>头文件</Filter>
    </ClInclude>
    <ClInclude Include="yolov7.h">
      <Filter>头文件</Filter>
    </ClInclude>
    <ClInclude Include="http.h">
      <Filter>头文件</Filter>
    </ClInclude>
    <ClInclude Include="Engine.h">
      <Filter>头文件</Filter>
    </ClInclude>
    <ClInclude Include="Process.h">
      <Filter>头文件</Filter>
    </ClInclude>
    <ClInclude Include="QRoundPicture.h">
      <Filter>头文件\UI</Filter>
    </ClInclude>
    <ClInclude Include="QButton.h">
      <Filter>头文件\UI</Filter>
    </ClInclude>
    <ClInclude Include="SkinColors.h">
      <Filter>头文件\UI</Filter>
    </ClInclude>
    <ClInclude Include="QStatusBar.h">
      <Filter>头文件\UI</Filter>
    </ClInclude>
    <ClInclude Include="qJson.h">
      <Filter>头文件</Filter>
    </ClInclude>
    <ClInclude Include="QEdit.h">
      <Filter>头文件\UI</Filter>
    </ClInclude>
    <ClInclude Include="Game.h">
      <Filter>头文件</Filter>
    </ClInclude>
    <ClInclude Include="Gdi.h">
      <Filter>头文件</Filter>
    </ClInclude>
    <ClInclude Include="d3d9.h">
      <Filter>头文件</Filter>
    </ClInclude>
    <ClInclude Include="stepIdx.h">
      <Filter>头文件\pojo</Filter>
    </ClInclude>
    <ClInclude Include="moveInfo.h">
      <Filter>头文件\pojo</Filter>
    </ClInclude>
    <ClInclude Include="Config.h">
      <Filter>头文件\pojo</Filter>
    </ClInclude>
    <ClInclude Include="Picture.h">
      <Filter>头文件</Filter>
    </ClInclude>
    <ClInclude Include="AboutDlg.h">
      <Filter>头文件\Dlg</Filter>
    </ClInclude>
    <ClInclude Include="ChessAIDlg.h">
      <Filter>头文件\Dlg</Filter>
    </ClInclude>
    <ClInclude Include="ConnectDlg.h">
      <Filter>头文件\Dlg</Filter>
    </ClInclude>
    <ClInclude Include="EngineDlg.h">
      <Filter>头文件\Dlg</Filter>
    </ClInclude>
    <ClInclude Include="InputFenDlg.h">
      <Filter>头文件\Dlg</Filter>
    </ClInclude>
    <ClInclude Include="QClientSocket.h">
      <Filter>头文件</Filter>
    </ClInclude>
    <ClInclude Include="QPacket.h">
      <Filter>头文件</Filter>
    </ClInclude>
    <ClInclude Include="EngineConfig.h">
      <Filter>头文件\pojo</Filter>
    </ClInclude>
    <ClInclude Include="EditEngineDlg.h">
      <Filter>头文件\Dlg</Filter>
    </ClInclude>
    <ClInclude Include="OpenBookDlg.h">
      <Filter>头文件\Dlg</Filter>
    </ClInclude>
    <ClInclude Include="QHttp.h">
      <Filter>头文件</Filter>
    </ClInclude>
    <ClInclude Include="QEncrypt.h">
      <Filter>头文件</Filter>
    </ClInclude>
  </ItemGroup>
  <ItemGroup>
    <ClCompile Include="ChessAI.cpp">
      <Filter>源文件</Filter>
    </ClCompile>
    <ClCompile Include="pch.cpp">
      <Filter>源文件</Filter>
    </ClCompile>
    <ClCompile Include="Utils.cpp">
      <Filter>源文件</Filter>
    </ClCompile>
    <ClCompile Include="yolov7.cpp">
      <Filter>源文件</Filter>
    </ClCompile>
    <ClCompile Include="http.cpp">
      <Filter>源文件</Filter>
    </ClCompile>
    <ClCompile Include="Process.cpp">
      <Filter>源文件</Filter>
    </ClCompile>
    <ClCompile Include="QRoundPicture.cpp">
      <Filter>源文件\UI</Filter>
    </ClCompile>
    <ClCompile Include="QButton.cpp">
      <Filter>源文件\UI</Filter>
    </ClCompile>
    <ClCompile Include="SkinColors.cpp">
      <Filter>源文件\UI</Filter>
    </ClCompile>
    <ClCompile Include="QStatusBar.cpp">
      <Filter>源文件\UI</Filter>
    </ClCompile>
    <ClCompile Include="qJson.cpp">
      <Filter>源文件</Filter>
    </ClCompile>
    <ClCompile Include="QEdit.cpp">
      <Filter>源文件\UI</Filter>
    </ClCompile>
    <ClCompile Include="Game.cpp">
      <Filter>源文件</Filter>
    </ClCompile>
    <ClCompile Include="Gdi.cpp">
      <Filter>源文件</Filter>
    </ClCompile>
    <ClCompile Include="d3d9.cpp">
      <Filter>源文件</Filter>
    </ClCompile>
    <ClCompile Include="Engine.cpp">
      <Filter>源文件</Filter>
    </ClCompile>
    <ClCompile Include="Picture.cpp">
      <Filter>源文件</Filter>
    </ClCompile>
    <ClCompile Include="AboutDlg.cpp">
      <Filter>源文件\Dlg</Filter>
    </ClCompile>
    <ClCompile Include="ChessAIDlg.cpp">
      <Filter>源文件\Dlg</Filter>
    </ClCompile>
    <ClCompile Include="ConnectDlg.cpp">
      <Filter>源文件\Dlg</Filter>
    </ClCompile>
    <ClCompile Include="EngineDlg.cpp">
      <Filter>源文件\Dlg</Filter>
    </ClCompile>
    <ClCompile Include="InputFenDlg.cpp">
      <Filter>源文件\Dlg</Filter>
    </ClCompile>
    <ClCompile Include="QPacket.cpp">
      <Filter>源文件</Filter>
    </ClCompile>
    <ClCompile Include="QClientSocket.cpp">
      <Filter>源文件</Filter>
    </ClCompile>
    <ClCompile Include="Config.cpp">
      <Filter>头文件\pojo</Filter>
    </ClCompile>
    <ClCompile Include="EditEngineDlg.cpp">
      <Filter>源文件\Dlg</Filter>
    </ClCompile>
    <ClCompile Include="OpenBookDlg.cpp">
      <Filter>源文件\Dlg</Filter>
    </ClCompile>
    <ClCompile Include="QHttp.cpp">
      <Filter>源文件</Filter>
    </ClCompile>
    <ClCompile Include="QEncrypt.cpp">
      <Filter>源文件</Filter>
    </ClCompile>
  </ItemGroup>
  <ItemGroup>
    <ResourceCompile Include="ChessAI.rc">
      <Filter>资源文件</Filter>
    </ResourceCompile>
  </ItemGroup>
  <ItemGroup>
    <None Include="res\ChessAI.rc2">
      <Filter>资源文件</Filter>
    </None>
  </ItemGroup>
  <ItemGroup>
    <Image Include="res\ChessAI.ico">
      <Filter>资源文件</Filter>
    </Image>
    <Image Include="C:\Users\Administrator\Desktop\1.bmp">
      <Filter>资源文件</Filter>
    </Image>
    <Image Include="C:\Users\Administrator\Desktop\QQ截图20240406005947.png">
      <Filter>资源文件</Filter>
    </Image>
    <Image Include="C:\Users\Administrator\Desktop\QQ截图20240406005947.bmp">
      <Filter>资源文件</Filter>
    </Image>
    <Image Include="res\begin.ico">
      <Filter>资源文件</Filter>
    </Image>
    <Image Include="res\swap.ico">
      <Filter>资源文件</Filter>
    </Image>
    <Image Include="res\exec.ico">
      <Filter>资源文件</Filter>
    </Image>
  </ItemGroup>
</Project>